# -------------------------------------------------------------------------- #
#
# Copyright (C) 2025  Altera Corporation. All rights reserved.
# Your use of Altera Corporation's design tools, logic functions 
# and other software and tools, and any partner logic 
# functions, and any output files from any of the foregoing 
# (including device programming or simulation files), and any 
# associated documentation or information are expressly subject 
# to the terms and conditions of the Altera Program License 
# Subscription Agreement, the Altera Quartus Prime License Agreement,
# the Altera IP License Agreement, or other applicable license
# agreement, including, without limitation, that your use is for
# the sole purpose of programming logic devices manufactured by
# Altera and sold by Altera or its authorized distributors.  Please
# refer to the Altera Software License Subscription Agreements 
# on the Quartus Prime software download page.
#
# -------------------------------------------------------------------------- #
#
# Quartus Prime
# Version 25.1std.0 Build 1129 10/21/2025 SC Lite Edition
# Date created = 21:11:06  March 29, 2026
#
# -------------------------------------------------------------------------- #
#
# Notes:
#
# 1) The default values for assignments are stored in the file:
#		tonnere_assignment_defaults.qdf
#    If this file doesn't exist, see file:
#		assignment_defaults.qdf
#
# 2) Intel recommends that you do not modify this file. This
#    file is updated automatically by the Quartus Prime software
#    and any changes you make may be lost or overwritten.
#
# -------------------------------------------------------------------------- #


set_global_assignment -name FAMILY "Cyclone 10 LP"
set_global_assignment -name DEVICE 10CL040YF484I7G
set_global_assignment -name TOP_LEVEL_ENTITY tonnere
set_global_assignment -name ORIGINAL_QUARTUS_VERSION 25.1STD.0
set_global_assignment -name PROJECT_CREATION_TIME_DATE "21:11:06  MARCH 29, 2026"
set_global_assignment -name LAST_QUARTUS_VERSION "25.1std.0 Lite Edition"
set_global_assignment -name PROJECT_OUTPUT_DIRECTORY output_files
set_global_assignment -name MIN_CORE_JUNCTION_TEMP "-40"
set_global_assignment -name MAX_CORE_JUNCTION_TEMP 100
set_global_assignment -name DEVICE_FILTER_PACKAGE FBGA
set_global_assignment -name DEVICE_FILTER_PIN_COUNT 484
set_global_assignment -name ERROR_CHECK_FREQUENCY_DIVISOR 1
set_global_assignment -name NOMINAL_CORE_SUPPLY_VOLTAGE 1.2V
set_global_assignment -name EDA_SIMULATION_TOOL "Questa Altera FPGA (Verilog)"
set_global_assignment -name EDA_TIME_SCALE "1 ps" -section_id eda_simulation
set_global_assignment -name EDA_OUTPUT_DATA_FORMAT "VERILOG HDL" -section_id eda_simulation
set_global_assignment -name EDA_GENERATE_FUNCTIONAL_NETLIST OFF -section_id eda_board_design_timing
set_global_assignment -name EDA_GENERATE_FUNCTIONAL_NETLIST OFF -section_id eda_board_design_symbol
set_global_assignment -name EDA_GENERATE_FUNCTIONAL_NETLIST OFF -section_id eda_board_design_signal_integrity
set_global_assignment -name EDA_GENERATE_FUNCTIONAL_NETLIST OFF -section_id eda_board_design_boundary_scan
set_global_assignment -name NUM_PARALLEL_PROCESSORS 4
set_location_assignment PIN_A3 -to FPGA_IRQ
set_location_assignment PIN_A4 -to FPGA_GPIO[4]
set_location_assignment PIN_A5 -to FSMC_A[8]
set_location_assignment PIN_A6 -to FSMC_A[11]
set_location_assignment PIN_A7 -to FSMC_D[6]
set_location_assignment PIN_A8 -to FSMC_D[9]
set_location_assignment PIN_A9 -to FSMC_D[12]
set_location_assignment PIN_A10 -to FSMC_D[15]
set_location_assignment PIN_A12 -to CLK27_A12
set_location_assignment PIN_A13 -to FSMC_A[12]
set_location_assignment PIN_A14 -to FSMC_A[15]
set_location_assignment PIN_A15 -to PBI_A[3]
set_location_assignment PIN_A16 -to PBI_A[9]
set_location_assignment PIN_A17 -to PBI_A[13]
set_location_assignment PIN_A18 -to PBI_D[0]
set_location_assignment PIN_A19 -to PBI_D[3]
set_location_assignment PIN_A20 -to PBI_D[6]
#set_location_assignment PIN_B3 -to FPGA_GPIO[1]
set_location_assignment PIN_B3 -to VDAC_RL
#set_location_assignment PIN_B4 -to FPGA_GPIO[3]
set_location_assignment PIN_B4 -to VDAC_BL
set_location_assignment PIN_B5 -to FSMC_A[7]
set_location_assignment PIN_B6 -to FSMC_A[10]
set_location_assignment PIN_B7 -to FSMC_D[5]
set_location_assignment PIN_B8 -to FSMC_D[8]
set_location_assignment PIN_B9 -to FSMC_D[11]
set_location_assignment PIN_B10 -to FSMC_D[14]
set_location_assignment PIN_B13 -to FSMC_A[13]
set_location_assignment PIN_B14 -to FSMC_A[14]
set_location_assignment PIN_B15 -to PBI_A[1]
set_location_assignment PIN_B16 -to PBI_A[10]
set_location_assignment PIN_B17 -to PBI_A[14]
set_location_assignment PIN_B18 -to PBI_D[1]
set_location_assignment PIN_B19 -to PBI_D[4]
set_location_assignment PIN_B20 -to PBI_D[7]
set_location_assignment PIN_B21 -to PBI_PHI2
set_location_assignment PIN_B22 -to PBI_EXTSEL
#set_location_assignment PIN_C3 -to FPGA_GPIO[0]
set_location_assignment PIN_C3 -to VDAC_GH
#set_location_assignment PIN_C4 -to FPGA_GPIO[2]
set_location_assignment PIN_C4 -to VDAC_GL
set_location_assignment PIN_C6 -to FSMC_A[9]
set_location_assignment PIN_C7 -to FSMC_D[4]
set_location_assignment PIN_C8 -to FSMC_D[7]
set_location_assignment PIN_C10 -to FSMC_D[13]
set_location_assignment PIN_C13 -to FSMC_D[1]
set_location_assignment PIN_C15 -to PBI_A[0]
set_location_assignment PIN_C17 -to PBI_A[15]
set_location_assignment PIN_C19 -to PBI_D[5]
set_location_assignment PIN_C20 -to PBI_HALT
set_location_assignment PIN_C21 -to PBI_MPD
set_location_assignment PIN_C22 -to PBI_EXTENB
#set_location_assignment PIN_D1 -to SPI_MOSI - for spi flash only
set_location_assignment PIN_D2 -to FPGAAUD_BCK
set_location_assignment PIN_D6 -to FSMC_A[4]
set_location_assignment PIN_D7 -to FSMC_A[1]
set_location_assignment PIN_D10 -to FSMC_NBL[0]
set_location_assignment PIN_D13 -to FSMC_NWE
set_location_assignment PIN_D15 -to PBI_A[4]
set_location_assignment PIN_D17 -to PBI_A[12]
set_location_assignment PIN_D19 -to PBI_D[2]
set_location_assignment PIN_D20 -to PBI_CAS
set_location_assignment PIN_D21 -to PBI_RD[4]
set_location_assignment PIN_D22 -to PBI_S4_N
set_location_assignment PIN_E1 -to VDAC_RH
#set_location_assignment PIN_E2 -to SPI_CS[2] - for spi flash only
set_location_assignment PIN_E5 -to FSMC_A[6]
set_location_assignment PIN_E6 -to FSMC_A[5]
set_location_assignment PIN_E7 -to FSMC_A[2]
set_location_assignment PIN_E9 -to FSMC_D[10]
set_location_assignment PIN_E10 -to FSMC_NBL[1]
set_location_assignment PIN_E11 -to FSMC_A[18]
set_location_assignment PIN_E12 -to FSMC_D[0]
set_location_assignment PIN_E13 -to FSMC_NOE
set_location_assignment PIN_E14 -to FSMC_D[2]
set_location_assignment PIN_E15 -to PBI_A[5]
set_location_assignment PIN_E16 -to PBI_A[7]
set_location_assignment PIN_E21 -to PBI_RDY
set_location_assignment PIN_E22 -to SIO_DATA_IN
set_location_assignment PIN_F7 -to FSMC_A[3]
set_location_assignment PIN_F8 -to FSMC_A[22]
set_location_assignment PIN_F9 -to FSMC_A[20]
set_location_assignment PIN_F10 -to FSMC_A[19]
set_location_assignment PIN_F11 -to FSMC_A[17]
set_location_assignment PIN_F13 -to FSMC_NWAIT
set_location_assignment PIN_F14 -to FSMC_D[3]
set_location_assignment PIN_F15 -to PBI_A[8]
set_location_assignment PIN_F16 -to PBI_A[6]
set_location_assignment PIN_F17 -to PBI_RW_N
set_location_assignment PIN_F19 -to PBI_IRQ
set_location_assignment PIN_F20 -to SIO_COMMAND
set_location_assignment PIN_F21 -to SIO_CLOCK_IN
set_location_assignment PIN_F22 -to SIO_CLOCK_OUT
#set_location_assignment PIN_G2 -to VDAC_G
set_location_assignment PIN_G5 -to FPGAAUD_LR
set_location_assignment PIN_G8 -to FSMC_A[0]
set_location_assignment PIN_G9 -to FSMC_A[21]
set_location_assignment PIN_G11 -to FSMC_A[16]
set_location_assignment PIN_G16 -to PBI_A[11]
set_location_assignment PIN_G17 -to PBI_RST
set_location_assignment PIN_G18 -to PBI_D1XX
set_location_assignment PIN_G21 -to PLL2[0]
set_location_assignment PIN_G22 -to PLL2[1]
set_location_assignment PIN_H11 -to FSMC_NE[1]
set_location_assignment PIN_H14 -to PBI_A[2]
set_location_assignment PIN_H16 -to PBI_RD[5]
set_location_assignment PIN_H17 -to PBI_REF
set_location_assignment PIN_H18 -to PBI_RAS
set_location_assignment PIN_H19 -to PBI_CCTL
set_location_assignment PIN_H20 -to SIO_MOTOR
set_location_assignment PIN_H21 -to ESP_CS
set_location_assignment PIN_H22 -to ESP_MISO
set_location_assignment PIN_J3 -to VDAC_BH
set_location_assignment PIN_J4 -to FPGAAUD_DATA
set_location_assignment PIN_J17 -to PBI_S5_N
set_location_assignment PIN_J18 -to ESP_SCK
set_location_assignment PIN_J21 -to ESP_MOSI
set_location_assignment PIN_J22 -to SIO_INTERRUPT
#set_location_assignment PIN_K1 -to SPI_MISO  - for spi flash only
#set_location_assignment PIN_K2 -to SPI_SCK  - for spi flash only
#set_location_assignment PIN_K5 -to FPGA_CONFIG_N
#set_location_assignment PIN_K6 -to FPGA_STATUS_N
set_location_assignment PIN_K17 -to SIO_PROCEED
set_location_assignment PIN_K18 -to SIO_DATA_OUT
set_location_assignment PIN_K19 -to SDRAM1_DQ[15]
set_location_assignment PIN_K21 -to SDRAM1_DQ[13]
set_location_assignment PIN_K22 -to SDRAM1_DQ[14]
set_location_assignment PIN_L6 -to JOY2_TRIG[2]
set_location_assignment PIN_L7 -to JOY2_DIR[12]
#set_location_assignment PIN_L18 -to FPGA_PS_N
set_location_assignment PIN_L21 -to SDRAM1_DQ[12]
set_location_assignment PIN_L22 -to SDRAM1_DQ[11]
set_location_assignment PIN_M1 -to JOY2_DIR[13]
set_location_assignment PIN_M2 -to JOY2_DIR[14]
set_location_assignment PIN_M3 -to JOY2_DIR[15]
set_location_assignment PIN_M4 -to JOY2_DIR[10]
set_location_assignment PIN_M5 -to JOY2_DIR[9]
set_location_assignment PIN_M6 -to JOY_TRIG[1]
set_location_assignment PIN_M7 -to JOY2_DIR[11]
set_location_assignment PIN_M8 -to JOY2_TRIG[3]
#set_location_assignment PIN_M18 -to FPGA_CONF_DONE
set_location_assignment PIN_M19 -to SDRAM1_UDQM
set_location_assignment PIN_M20 -to SDRAM1_DQ[10]
set_location_assignment PIN_M21 -to SDRAM1_DQ[9]
set_location_assignment PIN_M22 -to SDRAM1_DQ[8]
set_location_assignment PIN_N1 -to JOY_DIR[6]
set_location_assignment PIN_N2 -to JOY_DIR[4]
set_location_assignment PIN_N5 -to JOY2_DIR[8]
set_location_assignment PIN_N6 -to JOY_TRIG[0]
set_location_assignment PIN_N8 -to JOY_DIR[5]
set_location_assignment PIN_N16 -to SDRAM1_A[9]
set_location_assignment PIN_N17 -to SDRAM1_A[11]
set_location_assignment PIN_N18 -to SDRAM1_CKE
set_location_assignment PIN_N19 -to SDRAM1_A[12]
set_location_assignment PIN_N20 -to SDRAM1_DQ[0]
set_location_assignment PIN_N21 -to SDRAM1_DQ[1]
set_location_assignment PIN_N22 -to SDRAM1_DQ[2]
set_location_assignment PIN_P1 -to JOY_DIR[1]
set_location_assignment PIN_P2 -to JOY_DIR[2]
set_location_assignment PIN_P3 -to JOY_DIR[0]
set_location_assignment PIN_P4 -to JOY_DIR[3]
set_location_assignment PIN_P7 -to JOY_DIR[7]
set_location_assignment PIN_P17 -to SDRAM1_A[8]
set_location_assignment PIN_P20 -to SDRAM1_DQ[3]
set_location_assignment PIN_P21 -to SDRAM1_DQ[4]
set_location_assignment PIN_P22 -to SDRAM1_DQ[5]
set_location_assignment PIN_R1 -to VDAC_VSYNC
set_location_assignment PIN_R2 -to VDAC_HSYNC
set_location_assignment PIN_R5 -to CONSOL_SELECT
set_location_assignment PIN_R6 -to CONSOL_OPTION
set_location_assignment PIN_R7 -to CONSOL_RESET
set_location_assignment PIN_R15 -to SRAM2_A[16]
set_location_assignment PIN_R16 -to SDRAM1_CLK
set_location_assignment PIN_R17 -to SDRAM1_A[7]
set_location_assignment PIN_R18 -to SDRAM1_A[5]
set_location_assignment PIN_R19 -to SDRAM1_A[6]
set_location_assignment PIN_R20 -to SDRAM1_DQ[6]
set_location_assignment PIN_R21 -to SDRAM1_DQ[7]
set_location_assignment PIN_R22 -to SDRAM1_LDQM
set_location_assignment PIN_T1 -to PLL1[0]
set_location_assignment PIN_T2 -to PLL1[1]
set_location_assignment PIN_T3 -to CONSOL_START
set_location_assignment PIN_T4 -to SRAM1_OE_N
set_location_assignment PIN_T5 -to SRAM1_A[0]
set_location_assignment PIN_T7 -to SRAM1_D[1]
set_location_assignment PIN_T8 -to SRAM1_W_N
set_location_assignment PIN_T9 -to SRAM1_A[6]
set_location_assignment PIN_T11 -to SRAM1_A[14]
set_location_assignment PIN_T12 -to SRAM2_LB_N
set_location_assignment PIN_T14 -to SRAM2_D[0]
set_location_assignment PIN_T15 -to SRAM2_D[3]
set_location_assignment PIN_T16 -to SRAM2_A[15]
set_location_assignment PIN_T17 -to SDRAM1_A[4]
set_location_assignment PIN_T18 -to SDRAM1_WE_N
set_location_assignment PIN_T21 -to PLL2[2]
set_location_assignment PIN_U7 -to SRAM1_D[3]
set_location_assignment PIN_U8 -to SRAM1_D[9]
set_location_assignment PIN_U9 -to SRAM1_A[17]
set_location_assignment PIN_U10 -to SRAM1_A[7]
set_location_assignment PIN_U11 -to SRAM1_D[14]
set_location_assignment PIN_U12 -to SRAM2_A[5]
set_location_assignment PIN_U13 -to SRAM2_A[6]
set_location_assignment PIN_U14 -to SRAM2_D[1]
set_location_assignment PIN_U15 -to SRAM2_A[17]
set_location_assignment PIN_U16 -to SRAM2_A[14]
#set_location_assignment PIN_U17 -to SRAM2_A[20]
set_location_assignment PIN_U17 -to SRAM2_D[10]
set_location_assignment PIN_U19 -to SDRAM1_CAS_N
set_location_assignment PIN_U20 -to SDRAM1_RAS_N
set_location_assignment PIN_U21 -to SDRAM1_BA[0]
set_location_assignment PIN_U22 -to SDRAM1_CS_N
set_location_assignment PIN_V1 -to HDMI_D0N
set_location_assignment PIN_V2 -to HDMI_D0P
set_location_assignment PIN_V3 -to SRAM1_D[11]
set_location_assignment PIN_V4 -to SRAM1_A[4]
set_location_assignment PIN_V5 -to SRAM1_UB_N
set_location_assignment PIN_V6 -to SRAM1_D[2]
set_location_assignment PIN_V7 -to SRAM1_LB_N
set_location_assignment PIN_V8 -to SRAM1_D[10]
set_location_assignment PIN_V9 -to SRAM1_A[12]
set_location_assignment PIN_V10 -to SRAM1_A[16]
set_location_assignment PIN_V11 -to SRAM1_D[12]
set_location_assignment PIN_V12 -to SRAM2_D[11]
set_location_assignment PIN_V13 -to SRAM2_A[0]
set_location_assignment PIN_V14 -to SRAM2_D[2]
set_location_assignment PIN_V15 -to SRAM2_A[7]
set_location_assignment PIN_V16 -to SRAM2_D[5]
set_location_assignment PIN_V21 -to SDRAM1_BA[1]
set_location_assignment PIN_V22 -to SDRAM1_A[10]
set_location_assignment PIN_W1 -to HDMI_D1N
set_location_assignment PIN_W2 -to HDMI_D1P
set_location_assignment PIN_W6 -to SRAM1_CE_N
set_location_assignment PIN_W7 -to SRAM1_D[8]
set_location_assignment PIN_W8 -to SRAM1_A[5]
set_location_assignment PIN_W10 -to SRAM1_A[15]
set_location_assignment PIN_W13 -to SRAM2_CE_N
set_location_assignment PIN_W14 -to SRAM2_A[3]
set_location_assignment PIN_W15 -to SRAM2_A[2]
set_location_assignment PIN_W17 -to SRAM2_A[11]
set_location_assignment PIN_W19 -to SDRAM1_A[3]
set_location_assignment PIN_W20 -to SDRAM1_A[0]
set_location_assignment PIN_W21 -to SDRAM1_A[1]
set_location_assignment PIN_W22 -to SDRAM1_A[2]
set_location_assignment PIN_Y1 -to HDMI_D2N
set_location_assignment PIN_Y2 -to HDMI_D2P
set_location_assignment PIN_Y3 -to SRAM1_A[3]
set_location_assignment PIN_Y4 -to SRAM1_A[1]
set_location_assignment PIN_Y6 -to SRAM1_D[5]
set_location_assignment PIN_Y7 -to SRAM1_D[7]
set_location_assignment PIN_Y8 -to SRAM1_A[10]
set_location_assignment PIN_Y10 -to SRAM1_A[18]
set_location_assignment PIN_Y13 -to SRAM2_D[8]
set_location_assignment PIN_Y17 -to SRAM2_A[13]
set_location_assignment PIN_Y21 -to SRAM2_A[18]
set_location_assignment PIN_Y22 -to SRAM2_D[12]
set_location_assignment PIN_AA3 -to HDMI_CKP
set_location_assignment PIN_AA4 -to SRAM1_A[2]
set_location_assignment PIN_AA5 -to SRAM1_D[4]
set_location_assignment PIN_AA7 -to SRAM2_D[9]
set_location_assignment PIN_AA8 -to SRAM1_A[13]
set_location_assignment PIN_AA9 -to SRAM1_A[8]
set_location_assignment PIN_AA10 -to SRAM1_D[15]
#set_location_assignment PIN_AA12 -to SRAM2_D[9]
set_location_assignment PIN_AA13 -to SRAM2_OE_N
set_location_assignment PIN_AA14 -to SRAM2_A[1]
set_location_assignment PIN_AA15 -to SRAM2_D[4]
set_location_assignment PIN_AA16 -to SRAM2_D[7]
set_location_assignment PIN_AA18 -to SRAM2_A[10]
set_location_assignment PIN_AA19 -to SRAM2_A[9]
set_location_assignment PIN_AA20 -to SRAM2_A[8]
set_location_assignment PIN_AA21 -to SRAM2_D[13]
set_location_assignment PIN_AA22 -to SRAM2_D[14]
set_location_assignment PIN_AB3 -to HDMI_CKN
set_location_assignment PIN_AB4 -to SRAM1_D[0]
set_location_assignment PIN_AB5 -to SRAM1_D[6]
set_location_assignment PIN_AB7 -to SRAM1_A[11]
set_location_assignment PIN_AB8 -to SRAM1_A[9]
set_location_assignment PIN_AB9 -to SRAM1_A[19]
set_location_assignment PIN_AB10 -to SRAM1_D[13]
set_location_assignment PIN_AB11 -to PLL1[2]
#set_location_assignment PIN_AB12 -to SRAM2_D[10]
set_location_assignment PIN_AB13 -to SRAM2_UB_N
set_location_assignment PIN_AB14 -to SRAM2_A[4]
set_location_assignment PIN_AB15 -to SRAM2_D[6]
set_location_assignment PIN_AB16 -to SRAM2_W_N
set_location_assignment PIN_AB18 -to SRAM2_A[12]
set_location_assignment PIN_AB19 -to SRAM2_A[19]
set_location_assignment PIN_AB20 -to SRAM2_D[15]

set_instance_assignment -name CURRENT_STRENGTH_NEW "MAXIMUM CURRENT" -to VDAC_RH
set_instance_assignment -name FAST_OUTPUT_REGISTER ON -to VDAC_RH
set_instance_assignment -name SLOW_SLEW_RATE OFF -to VDAC_RH
set_instance_assignment -name CURRENT_STRENGTH_NEW "MAXIMUM CURRENT" -to VDAC_GH
set_instance_assignment -name FAST_OUTPUT_REGISTER ON -to VDAC_GH
set_instance_assignment -name SLOW_SLEW_RATE OFF -to VDAC_GH
set_instance_assignment -name CURRENT_STRENGTH_NEW "MAXIMUM CURRENT" -to VDAC_BH
set_instance_assignment -name FAST_OUTPUT_REGISTER ON -to VDAC_BH
set_instance_assignment -name SLOW_SLEW_RATE OFF -to VDAC_BH

set_instance_assignment -name CURRENT_STRENGTH_NEW "MAXIMUM CURRENT" -to VDAC_RL
set_instance_assignment -name FAST_OUTPUT_REGISTER ON -to VDAC_RL
set_instance_assignment -name SLOW_SLEW_RATE OFF -to VDAC_RL
set_instance_assignment -name CURRENT_STRENGTH_NEW "MAXIMUM CURRENT" -to VDAC_GL
set_instance_assignment -name FAST_OUTPUT_REGISTER ON -to VDAC_GL
set_instance_assignment -name SLOW_SLEW_RATE OFF -to VDAC_GL
set_instance_assignment -name CURRENT_STRENGTH_NEW "MAXIMUM CURRENT" -to VDAC_BL
set_instance_assignment -name FAST_OUTPUT_REGISTER ON -to VDAC_BL
set_instance_assignment -name SLOW_SLEW_RATE OFF -to VDAC_BL

set_instance_assignment -name CURRENT_STRENGTH_NEW 8MA -to HDMI_D2P
set_instance_assignment -name CURRENT_STRENGTH_NEW 8MA -to HDMI_D2N
set_instance_assignment -name CURRENT_STRENGTH_NEW 8MA -to HDMI_D1P
set_instance_assignment -name CURRENT_STRENGTH_NEW 8MA -to HDMI_D1N
set_instance_assignment -name CURRENT_STRENGTH_NEW 8MA -to HDMI_D0P
set_instance_assignment -name CURRENT_STRENGTH_NEW 8MA -to HDMI_D0N
set_instance_assignment -name CURRENT_STRENGTH_NEW 8MA -to HDMI_CKP
set_instance_assignment -name CURRENT_STRENGTH_NEW 8MA -to HDMI_CKN
set_instance_assignment -name FAST_OUTPUT_REGISTER ON -to HDMI_D2P
set_instance_assignment -name FAST_INPUT_REGISTER ON -to HDMI_D2P
set_instance_assignment -name FAST_OUTPUT_ENABLE_REGISTER ON -to HDMI_D2P
set_instance_assignment -name FAST_OUTPUT_REGISTER ON -to HDMI_D1P
set_instance_assignment -name FAST_INPUT_REGISTER ON -to HDMI_D1P
set_instance_assignment -name FAST_OUTPUT_ENABLE_REGISTER ON -to HDMI_D1P
set_instance_assignment -name FAST_OUTPUT_REGISTER ON -to HDMI_D0P
set_instance_assignment -name FAST_INPUT_REGISTER ON -to HDMI_D0P
set_instance_assignment -name FAST_OUTPUT_ENABLE_REGISTER ON -to HDMI_D0P
set_instance_assignment -name FAST_OUTPUT_REGISTER ON -to HDMI_CKP
set_instance_assignment -name FAST_INPUT_REGISTER ON -to HDMI_CKP
set_instance_assignment -name FAST_OUTPUT_ENABLE_REGISTER ON -to HDMI_CKP
set_instance_assignment -name FAST_OUTPUT_REGISTER ON -to HDMI_D2N
set_instance_assignment -name FAST_INPUT_REGISTER ON -to HDMI_D2N
set_instance_assignment -name FAST_OUTPUT_ENABLE_REGISTER ON -to HDMI_D2N
set_instance_assignment -name FAST_OUTPUT_REGISTER ON -to HDMI_D1N
set_instance_assignment -name FAST_INPUT_REGISTER ON -to HDMI_D1N
set_instance_assignment -name FAST_OUTPUT_ENABLE_REGISTER ON -to HDMI_D1N
set_instance_assignment -name FAST_OUTPUT_REGISTER ON -to HDMI_D0N
set_instance_assignment -name FAST_INPUT_REGISTER ON -to HDMI_D0N
set_instance_assignment -name FAST_OUTPUT_ENABLE_REGISTER ON -to HDMI_D0N
set_instance_assignment -name FAST_OUTPUT_REGISTER ON -to HDMI_CKN
set_instance_assignment -name FAST_INPUT_REGISTER ON -to HDMI_CKN
set_instance_assignment -name FAST_OUTPUT_ENABLE_REGISTER ON -to HDMI_CKN

set_instance_assignment -name WEAK_PULL_UP_RESISTOR ON -to CONSOL_START
set_instance_assignment -name WEAK_PULL_UP_RESISTOR ON -to CONSOL_SELECT
set_instance_assignment -name WEAK_PULL_UP_RESISTOR ON -to CONSOL_OPTION

set_global_assignment -name POWER_PRESET_COOLING_SOLUTION "23 MM HEAT SINK WITH 200 LFPM AIRFLOW"
set_global_assignment -name POWER_BOARD_THERMAL_MODEL "NONE (CONSERVATIVE)"
set_global_assignment -name PARTITION_NETLIST_TYPE SOURCE -section_id Top
set_global_assignment -name PARTITION_FITTER_PRESERVATION_LEVEL PLACEMENT_AND_ROUTING -section_id Top
set_global_assignment -name PARTITION_COLOR 16764057 -section_id Top
set_global_assignment -name ENABLE_OCT_DONE OFF
set_global_assignment -name ENABLE_CONFIGURATION_PINS OFF
set_global_assignment -name ENABLE_BOOT_SEL_PIN OFF
set_global_assignment -name USE_CONFIGURATION_DEVICE OFF
set_global_assignment -name CRC_ERROR_OPEN_DRAIN OFF
set_global_assignment -name CYCLONEII_RESERVE_NCEO_AFTER_CONFIGURATION "USE AS REGULAR IO"
set_global_assignment -name OUTPUT_IO_TIMING_NEAR_END_VMEAS "HALF VCCIO" -rise
set_global_assignment -name OUTPUT_IO_TIMING_NEAR_END_VMEAS "HALF VCCIO" -fall
set_global_assignment -name OUTPUT_IO_TIMING_FAR_END_VMEAS "HALF SIGNAL SWING" -rise
set_global_assignment -name OUTPUT_IO_TIMING_FAR_END_VMEAS "HALF SIGNAL SWING" -fall

set_global_assignment -name STRATIX_DEVICE_IO_STANDARD "3.3-V LVTTL"







set_global_assignment -name ENABLE_SIGNALTAP ON
set_global_assignment -name USE_SIGNALTAP_FILE video.stp



set_instance_assignment -name CURRENT_STRENGTH_NEW 4MA -to SIO_MOTOR









set_global_assignment -name VHDL_FILE a8core/pokeymax/pokeymax.vhdl
set_global_assignment -name VHDL_FILE a8core/pokeymax/audiotypes.vhdl
set_global_assignment -name VHDL_FILE a8core/pokeymax/dc_blocker.vhdl
set_global_assignment -name VHDL_FILE a8core/pokeymax/pokey_mixer_mux.vhdl
set_global_assignment -name VHDL_FILE a8core/pokeymax/mixer.vhdl
set_global_assignment -name VHDL_FILE a8core/pokeymax/sid_data.vhdl
set_global_assignment -name VHDL_FILE a8core/pokeymax/sample/top.vhdl
set_global_assignment -name VHDL_FILE a8core/pokeymax/sample/channel.vhdl
set_global_assignment -name VHDL_FILE a8core/pokeymax/sample/adpcm.vhdl
set_global_assignment -name VHDL_FILE a8core/pokeymax/sid/amplitudeModulator.vhdl
set_global_assignment -name VHDL_FILE a8core/pokeymax/sid/envelope_tapmatch.vhdl
set_global_assignment -name VHDL_FILE a8core/pokeymax/sid/envelope.vhdl
set_global_assignment -name VHDL_FILE a8core/pokeymax/sid/f_distortion_mux.vhdl
set_global_assignment -name VHDL_FILE a8core/pokeymax/sid/f_distortion.vhdl
set_global_assignment -name VHDL_FILE a8core/pokeymax/sid/filter.vhdl
set_global_assignment -name VHDL_FILE a8core/pokeymax/sid/oscillator.vhdl
set_global_assignment -name VHDL_FILE a8core/pokeymax/sid/postFilterSum.vhdl
set_global_assignment -name VHDL_FILE a8core/pokeymax/sid/preFilterSum.vhdl
set_global_assignment -name VHDL_FILE a8core/pokeymax/sid/top.vhdl
set_global_assignment -name VHDL_FILE a8core/pokeymax/sid/wavegen.vhdl
set_global_assignment -name VHDL_FILE a8core/pokeymax/psg/envelope.vhdl
set_global_assignment -name VHDL_FILE a8core/pokeymax/psg/freqdiv.vhdl
set_global_assignment -name VHDL_FILE a8core/pokeymax/psg/mixer.vhdl
set_global_assignment -name VHDL_FILE a8core/pokeymax/psg/noise.vhdl
set_global_assignment -name VHDL_FILE a8core/pokeymax/psg/top.vhdl
set_global_assignment -name VHDL_FILE a8core/pokeymax/psg/volume_profile.vhdl
set_global_assignment -name VHDL_FILE a8core/pokeymax/psg/volume.vhdl
set_global_assignment -name VHDL_FILE a8core/vbxe/vbxe.vhdl
set_global_assignment -name VHDL_FILE a8core/vbxe/vbxe_blitter.vhdl
set_global_assignment -name VHDL_FILE bram.vhdl
set_global_assignment -name VHDL_FILE sram.vhdl
set_global_assignment -name QIP_FILE components/fifo_cyclone10LP/fifo_transmit.qip
set_global_assignment -name SOURCE_FILE components/fifo_cyclone10LP/fifo_transmit.cmp
set_global_assignment -name QIP_FILE components/fifo_cyclone10LP/fifo_receive.qip
set_global_assignment -name SOURCE_FILE components/fifo_cyclone10LP/fifo_receive.cmp
set_global_assignment -name VHDL_FILE components/i2c_master.vhd
set_global_assignment -name VHDL_FILE zpu/sio_handler.vhdl
set_global_assignment -name VHDL_FILE components/scandoubler.vhdl
set_global_assignment -name VHDL_FILE hdmi/scandoubler_hdmi.vhdl
set_global_assignment -name VERILOG_FILE hdmi/infopacketstate.v
set_global_assignment -name VHDL_FILE hdmi/hdmidelay.vhd
set_global_assignment -name VERILOG_FILE hdmi/hdmidataencoder.v
set_global_assignment -name QIP_FILE hdmi/hdmi_line_buffer.qip
set_global_assignment -name SOURCE_FILE hdmi/hdmi_line_buffer.cmp
set_global_assignment -name VHDL_FILE hdmi/hdmi.vhd
set_global_assignment -name VHDL_FILE hdmi/encoder.vhd
set_global_assignment -name VHDL_FILE hdmi/dvi.vhd
set_global_assignment -name VHDL_FILE reset_gen.vhdl
set_global_assignment -name VHDL_FILE components/sdram_statemachine.vhdl
set_global_assignment -name VHDL_FILE components/syncreset_enable_divider.vhd
set_global_assignment -name VHDL_FILE a8core/pokey.vhdl
set_global_assignment -name VHDL_FILE a8core/cpu.vhd
set_global_assignment -name VHDL_FILE a8core/wide_delay_line.vhdl
set_global_assignment -name VHDL_FILE a8core/pia.vhdl
set_global_assignment -name VHDL_FILE a8core/simple_counter.vhdl
set_global_assignment -name VHDL_FILE a8core/reg_file.vhdl
set_global_assignment -name VHDL_FILE a8core/pokey_countdown_timer.vhdl
set_global_assignment -name VHDL_FILE a8core/gtia_priority.vhdl
set_global_assignment -name VHDL_FILE a8core/gtia_player.vhdl
set_global_assignment -name VHDL_FILE a8core/antic_counter.vhdl
set_global_assignment -name VHDL_FILE a8core/pokey_poly_5.vhdl
set_global_assignment -name VHDL_FILE a8core/pokey_poly_4.vhdl
set_global_assignment -name VHDL_FILE a8core/os8.vhdl
set_global_assignment -name VHDL_FILE a8core/os2.vhdl
set_global_assignment -name VHDL_FILE a8core/os16_loop.vhdl
set_global_assignment -name VHDL_FILE a8core/enable_divider.vhdl
set_global_assignment -name VHDL_FILE a8core/pokey_keyboard_scanner.vhdl
set_global_assignment -name VHDL_FILE a8core/os_5200.vhdl
set_global_assignment -name VHDL_FILE a8core/gtia_palette.vhdl
set_global_assignment -name VHDL_FILE a8core/cpu_65xx_e.vhd
set_global_assignment -name VHDL_FILE a8core/cpu_6510.vhd
set_global_assignment -name VHDL_FILE a8core/cart_logic.vhd
set_global_assignment -name VHDL_FILE a8core/ps2_to_atari5200.vhdl
set_global_assignment -name VHDL_FILE a8core/pot_from_signed.vhdl
set_global_assignment -name VHDL_FILE a8core/pokey_noise_filter.vhdl
set_global_assignment -name VHDL_FILE a8core/timing6502.vhd
set_global_assignment -name VHDL_FILE a8core/shared_enable.vhdl
set_global_assignment -name VHDL_FILE a8core/pokey_poly_17_9.vhdl
set_global_assignment -name VHDL_FILE a8core/pbi6502.vhd
set_global_assignment -name VHDL_FILE a8core/os16.vhdl
set_global_assignment -name VHDL_FILE a8core/mmu.vhdl
set_global_assignment -name VHDL_FILE a8core/irq_glue.vhdl
set_global_assignment -name VHDL_FILE a8core/gtia.vhdl
set_global_assignment -name VHDL_FILE a8core/cpu_65xx_a.vhd
set_global_assignment -name VHDL_FILE a8core/basic.vhdl
set_global_assignment -name VHDL_FILE a8core/antic_dma_clock.vhdl
set_global_assignment -name VHDL_FILE a8core/antic_delay.vhdl
set_global_assignment -name VHDL_FILE a8core/svideo_gtia.vhd
set_global_assignment -name VHDL_FILE a8core/ps2_to_atari800.vhdl
set_global_assignment -name VHDL_FILE a8core/internalromram.vhd
set_global_assignment -name VHDL_FILE a8core/antic.vhdl
set_global_assignment -name VHDL_FILE a8core/freezer_logic.vhd
set_global_assignment -name VHDL_FILE a8core/atari800core.vhd
set_global_assignment -name VHDL_FILE a8core/freezer_debug_trigger.vhd
set_global_assignment -name VHDL_FILE a8core/covox.vhd
set_global_assignment -name VHDL_FILE a8core/address_decoder.vhdl
set_global_assignment -name VHDL_FILE components/ps2_keyboard.vhdl
set_global_assignment -name VHDL_FILE components/delay_line.vhdl
set_global_assignment -name VHDL_FILE components/complete_address_decoder.vhdl
set_global_assignment -name VHDL_FILE components/mult_infer.vhdl
set_global_assignment -name VHDL_FILE components/latch_delay_line.vhdl
set_global_assignment -name VHDL_FILE components/spi_master.vhd
set_global_assignment -name VHDL_FILE components/scandouble_ram_infer.vhdl
set_global_assignment -name VERILOG_FILE components/hq_dac.v
set_global_assignment -name VHDL_FILE components/synchronizer.vhdl
set_global_assignment -name SYSTEMVERILOG_FILE components/rgb2ypbpr.sv
set_global_assignment -name VHDL_FILE components/generic_ram_infer.vhdl
set_global_assignment -name VHDL_FILE components/simple_low_pass_filter.vhdl
set_global_assignment -name SIGNALTAP_FILE video.stp
set_global_assignment -name VHDL_FILE encoder.vhd
set_global_assignment -name QIP_FILE altddio_out1.qip
set_global_assignment -name VHDL_FILE i2smaster.vhdl
set_global_assignment -name VHDL_FILE ddr_pattern_gen.vhd
set_global_assignment -name VHDL_FILE fsmc_adaptor.vhdl
set_global_assignment -name VHDL_FILE sdm_dac_video.vhd
set_global_assignment -name VHDL_FILE tonnere.vhdl
set_global_assignment -name QIP_FILE pll_video.qip
set_global_assignment -name QIP_FILE pll_vdac.qip
set_global_assignment -name QIP_FILE pixel_fifo.qip
set_global_assignment -name QIP_FILE pll_aud.qip
set_global_assignment -name QIP_FILE pll_hdmi.qip
set_global_assignment -name QIP_FILE pll_atari.qip
set_global_assignment -name QSYS_FILE sfl.qsys
set_global_assignment -name QIP_FILE fsmc_fifo.qip
set_global_assignment -name SLD_NODE_CREATOR_ID 110 -section_id auto_signaltap_0
set_global_assignment -name SLD_NODE_ENTITY_NAME sld_signaltap -section_id auto_signaltap_0
set_global_assignment -name SLD_NODE_PARAMETER_ASSIGNMENT "SLD_RAM_BLOCK_TYPE=AUTO" -section_id auto_signaltap_0
set_global_assignment -name SLD_NODE_PARAMETER_ASSIGNMENT "SLD_NODE_INFO=805334528" -section_id auto_signaltap_0
set_global_assignment -name SLD_NODE_PARAMETER_ASSIGNMENT "SLD_POWER_UP_TRIGGER=0" -section_id auto_signaltap_0
set_global_assignment -name SLD_NODE_PARAMETER_ASSIGNMENT "SLD_SEGMENT_SIZE=1024" -section_id auto_signaltap_0
set_global_assignment -name SLD_NODE_PARAMETER_ASSIGNMENT "SLD_ATTRIBUTE_MEM_MODE=OFF" -section_id auto_signaltap_0
set_global_assignment -name SLD_NODE_PARAMETER_ASSIGNMENT "SLD_STATE_FLOW_USE_GENERATED=0" -section_id auto_signaltap_0
set_global_assignment -name SLD_NODE_PARAMETER_ASSIGNMENT "SLD_STATE_BITS=11" -section_id auto_signaltap_0
set_global_assignment -name SLD_NODE_PARAMETER_ASSIGNMENT "SLD_BUFFER_FULL_STOP=1" -section_id auto_signaltap_0
set_global_assignment -name SLD_NODE_PARAMETER_ASSIGNMENT "SLD_CURRENT_RESOURCE_WIDTH=1" -section_id auto_signaltap_0
set_global_assignment -name SLD_NODE_PARAMETER_ASSIGNMENT "SLD_INCREMENTAL_ROUTING=1" -section_id auto_signaltap_0
set_instance_assignment -name POST_FIT_CONNECT_TO_SLD_NODE_ENTITY_PORT crc[1] -to auto_signaltap_0|vcc -section_id auto_signaltap_0
set_instance_assignment -name POST_FIT_CONNECT_TO_SLD_NODE_ENTITY_PORT crc[7] -to auto_signaltap_0|gnd -section_id auto_signaltap_0
set_instance_assignment -name POST_FIT_CONNECT_TO_SLD_NODE_ENTITY_PORT crc[18] -to auto_signaltap_0|vcc -section_id auto_signaltap_0
set_instance_assignment -name POST_FIT_CONNECT_TO_SLD_NODE_ENTITY_PORT crc[21] -to auto_signaltap_0|gnd -section_id auto_signaltap_0
set_instance_assignment -name POST_FIT_CONNECT_TO_SLD_NODE_ENTITY_PORT crc[28] -to auto_signaltap_0|gnd -section_id auto_signaltap_0
set_global_assignment -name SLD_NODE_PARAMETER_ASSIGNMENT "SLD_TRIGGER_LEVEL=1" -section_id auto_signaltap_0
set_global_assignment -name SLD_NODE_PARAMETER_ASSIGNMENT "SLD_SAMPLE_DEPTH=1024" -section_id auto_signaltap_0
set_global_assignment -name SLD_NODE_PARAMETER_ASSIGNMENT "SLD_TRIGGER_IN_ENABLED=0" -section_id auto_signaltap_0
set_global_assignment -name SLD_NODE_PARAMETER_ASSIGNMENT "SLD_TRIGGER_PIPELINE=0" -section_id auto_signaltap_0
set_global_assignment -name SLD_NODE_PARAMETER_ASSIGNMENT "SLD_RAM_PIPELINE=0" -section_id auto_signaltap_0
set_global_assignment -name SLD_NODE_PARAMETER_ASSIGNMENT "SLD_COUNTER_PIPELINE=0" -section_id auto_signaltap_0
set_global_assignment -name SLD_NODE_PARAMETER_ASSIGNMENT "SLD_ADVANCED_TRIGGER_ENTITY=basic,1," -section_id auto_signaltap_0
set_global_assignment -name SLD_NODE_PARAMETER_ASSIGNMENT "SLD_TRIGGER_LEVEL_PIPELINE=1" -section_id auto_signaltap_0
set_global_assignment -name SLD_NODE_PARAMETER_ASSIGNMENT "SLD_ENABLE_ADVANCED_TRIGGER=0" -section_id auto_signaltap_0
set_instance_assignment -name POST_FIT_CONNECT_TO_SLD_NODE_ENTITY_PORT crc[2] -to auto_signaltap_0|gnd -section_id auto_signaltap_0
set_instance_assignment -name POST_FIT_CONNECT_TO_SLD_NODE_ENTITY_PORT crc[3] -to auto_signaltap_0|gnd -section_id auto_signaltap_0
set_instance_assignment -name POST_FIT_CONNECT_TO_SLD_NODE_ENTITY_PORT crc[0] -to auto_signaltap_0|vcc -section_id auto_signaltap_0
set_instance_assignment -name POST_FIT_CONNECT_TO_SLD_NODE_ENTITY_PORT crc[29] -to auto_signaltap_0|vcc -section_id auto_signaltap_0
set_global_assignment -name SLD_NODE_PARAMETER_ASSIGNMENT "SLD_STORAGE_QUALIFIER_INVERSION_MASK_LENGTH=0" -section_id auto_signaltap_0
set_instance_assignment -name POST_FIT_CONNECT_TO_SLD_NODE_ENTITY_PORT crc[16] -to auto_signaltap_0|gnd -section_id auto_signaltap_0
set_instance_assignment -name POST_FIT_CONNECT_TO_SLD_NODE_ENTITY_PORT crc[17] -to auto_signaltap_0|vcc -section_id auto_signaltap_0
set_instance_assignment -name POST_FIT_CONNECT_TO_SLD_NODE_ENTITY_PORT crc[30] -to auto_signaltap_0|vcc -section_id auto_signaltap_0
set_instance_assignment -name POST_FIT_CONNECT_TO_SLD_NODE_ENTITY_PORT crc[9] -to auto_signaltap_0|vcc -section_id auto_signaltap_0
set_instance_assignment -name POST_FIT_CONNECT_TO_SLD_NODE_ENTITY_PORT crc[11] -to auto_signaltap_0|vcc -section_id auto_signaltap_0
set_instance_assignment -name POST_FIT_CONNECT_TO_SLD_NODE_ENTITY_PORT crc[12] -to auto_signaltap_0|vcc -section_id auto_signaltap_0
set_instance_assignment -name POST_FIT_CONNECT_TO_SLD_NODE_ENTITY_PORT crc[22] -to auto_signaltap_0|vcc -section_id auto_signaltap_0
set_instance_assignment -name POST_FIT_CONNECT_TO_SLD_NODE_ENTITY_PORT crc[25] -to auto_signaltap_0|gnd -section_id auto_signaltap_0
set_instance_assignment -name POST_FIT_CONNECT_TO_SLD_NODE_ENTITY_PORT crc[31] -to auto_signaltap_0|gnd -section_id auto_signaltap_0
set_instance_assignment -name POST_FIT_CONNECT_TO_SLD_NODE_ENTITY_PORT crc[4] -to auto_signaltap_0|vcc -section_id auto_signaltap_0

set_instance_assignment -name CONNECT_TO_SLD_NODE_ENTITY_PORT acq_clk -to "atari800core:atari800|CLK" -section_id auto_signaltap_0
set_instance_assignment -name POST_FIT_CONNECT_TO_SLD_NODE_ENTITY_PORT crc[5] -to auto_signaltap_0|gnd -section_id auto_signaltap_0
set_instance_assignment -name POST_FIT_CONNECT_TO_SLD_NODE_ENTITY_PORT crc[6] -to auto_signaltap_0|vcc -section_id auto_signaltap_0
set_instance_assignment -name POST_FIT_CONNECT_TO_SLD_NODE_ENTITY_PORT crc[10] -to auto_signaltap_0|vcc -section_id auto_signaltap_0
set_instance_assignment -name POST_FIT_CONNECT_TO_SLD_NODE_ENTITY_PORT crc[13] -to auto_signaltap_0|vcc -section_id auto_signaltap_0
set_instance_assignment -name POST_FIT_CONNECT_TO_SLD_NODE_ENTITY_PORT crc[14] -to auto_signaltap_0|gnd -section_id auto_signaltap_0
set_instance_assignment -name POST_FIT_CONNECT_TO_SLD_NODE_ENTITY_PORT crc[19] -to auto_signaltap_0|gnd -section_id auto_signaltap_0
set_instance_assignment -name POST_FIT_CONNECT_TO_SLD_NODE_ENTITY_PORT crc[24] -to auto_signaltap_0|vcc -section_id auto_signaltap_0
set_instance_assignment -name POST_FIT_CONNECT_TO_SLD_NODE_ENTITY_PORT crc[27] -to auto_signaltap_0|gnd -section_id auto_signaltap_0
set_instance_assignment -name CONNECT_TO_SLD_NODE_ENTITY_PORT acq_trigger_in[0] -to "atari800core:atari800|address_decoder:mmu1|ANTIC_FETCH" -section_id auto_signaltap_0
set_instance_assignment -name CONNECT_TO_SLD_NODE_ENTITY_PORT acq_trigger_in[1] -to "atari800core:atari800|address_decoder:mmu1|CPU_FETCH" -section_id auto_signaltap_0
set_instance_assignment -name CONNECT_TO_SLD_NODE_ENTITY_PORT acq_trigger_in[2] -to "atari800core:atari800|address_decoder:mmu1|DMA_FETCH" -section_id auto_signaltap_0
set_instance_assignment -name CONNECT_TO_SLD_NODE_ENTITY_PORT acq_trigger_in[3] -to "atari800core:atari800|address_decoder:mmu1|state_reg[0]" -section_id auto_signaltap_0
set_instance_assignment -name CONNECT_TO_SLD_NODE_ENTITY_PORT acq_trigger_in[4] -to "atari800core:atari800|address_decoder:mmu1|state_reg[1]" -section_id auto_signaltap_0
set_instance_assignment -name CONNECT_TO_SLD_NODE_ENTITY_PORT acq_data_in[0] -to "atari800core:atari800|address_decoder:mmu1|ANTIC_FETCH" -section_id auto_signaltap_0
set_instance_assignment -name CONNECT_TO_SLD_NODE_ENTITY_PORT acq_data_in[1] -to "atari800core:atari800|address_decoder:mmu1|CPU_FETCH" -section_id auto_signaltap_0
set_instance_assignment -name CONNECT_TO_SLD_NODE_ENTITY_PORT acq_data_in[2] -to "atari800core:atari800|address_decoder:mmu1|DMA_FETCH" -section_id auto_signaltap_0
set_instance_assignment -name CONNECT_TO_SLD_NODE_ENTITY_PORT acq_data_in[3] -to "atari800core:atari800|address_decoder:mmu1|state_reg[0]" -section_id auto_signaltap_0
set_instance_assignment -name CONNECT_TO_SLD_NODE_ENTITY_PORT acq_data_in[4] -to "atari800core:atari800|address_decoder:mmu1|state_reg[1]" -section_id auto_signaltap_0
set_instance_assignment -name POST_FIT_CONNECT_TO_SLD_NODE_ENTITY_PORT crc[20] -to auto_signaltap_0|vcc -section_id auto_signaltap_0
set_instance_assignment -name POST_FIT_CONNECT_TO_SLD_NODE_ENTITY_PORT crc[23] -to auto_signaltap_0|gnd -section_id auto_signaltap_0
set_instance_assignment -name CONNECT_TO_SLD_NODE_ENTITY_PORT acq_trigger_in[5] -to "atari800core:atari800|cpu:cpu6502|A[0]" -section_id auto_signaltap_0
set_instance_assignment -name CONNECT_TO_SLD_NODE_ENTITY_PORT acq_trigger_in[6] -to "atari800core:atari800|cpu:cpu6502|A[10]" -section_id auto_signaltap_0
set_instance_assignment -name CONNECT_TO_SLD_NODE_ENTITY_PORT acq_trigger_in[7] -to "atari800core:atari800|cpu:cpu6502|A[11]" -section_id auto_signaltap_0
set_instance_assignment -name CONNECT_TO_SLD_NODE_ENTITY_PORT acq_trigger_in[8] -to "atari800core:atari800|cpu:cpu6502|A[12]" -section_id auto_signaltap_0
set_instance_assignment -name CONNECT_TO_SLD_NODE_ENTITY_PORT acq_trigger_in[9] -to "atari800core:atari800|cpu:cpu6502|A[13]" -section_id auto_signaltap_0
set_instance_assignment -name CONNECT_TO_SLD_NODE_ENTITY_PORT acq_trigger_in[10] -to "atari800core:atari800|cpu:cpu6502|A[14]" -section_id auto_signaltap_0
set_instance_assignment -name CONNECT_TO_SLD_NODE_ENTITY_PORT acq_trigger_in[11] -to "atari800core:atari800|cpu:cpu6502|A[15]" -section_id auto_signaltap_0
set_instance_assignment -name CONNECT_TO_SLD_NODE_ENTITY_PORT acq_trigger_in[12] -to "atari800core:atari800|cpu:cpu6502|A[1]" -section_id auto_signaltap_0
set_instance_assignment -name CONNECT_TO_SLD_NODE_ENTITY_PORT acq_trigger_in[13] -to "atari800core:atari800|cpu:cpu6502|A[2]" -section_id auto_signaltap_0
set_instance_assignment -name CONNECT_TO_SLD_NODE_ENTITY_PORT acq_trigger_in[14] -to "atari800core:atari800|cpu:cpu6502|A[3]" -section_id auto_signaltap_0
set_instance_assignment -name CONNECT_TO_SLD_NODE_ENTITY_PORT acq_trigger_in[15] -to "atari800core:atari800|cpu:cpu6502|A[4]" -section_id auto_signaltap_0
set_instance_assignment -name CONNECT_TO_SLD_NODE_ENTITY_PORT acq_trigger_in[16] -to "atari800core:atari800|cpu:cpu6502|A[5]" -section_id auto_signaltap_0
set_instance_assignment -name CONNECT_TO_SLD_NODE_ENTITY_PORT acq_trigger_in[17] -to "atari800core:atari800|cpu:cpu6502|A[6]" -section_id auto_signaltap_0
set_instance_assignment -name CONNECT_TO_SLD_NODE_ENTITY_PORT acq_trigger_in[18] -to "atari800core:atari800|cpu:cpu6502|A[7]" -section_id auto_signaltap_0
set_instance_assignment -name CONNECT_TO_SLD_NODE_ENTITY_PORT acq_trigger_in[19] -to "atari800core:atari800|cpu:cpu6502|A[8]" -section_id auto_signaltap_0
set_instance_assignment -name CONNECT_TO_SLD_NODE_ENTITY_PORT acq_trigger_in[20] -to "atari800core:atari800|cpu:cpu6502|A[9]" -section_id auto_signaltap_0
set_instance_assignment -name CONNECT_TO_SLD_NODE_ENTITY_PORT acq_trigger_in[21] -to "atari800core:atari800|cpu:cpu6502|CPU_ENABLE" -section_id auto_signaltap_0
set_instance_assignment -name CONNECT_TO_SLD_NODE_ENTITY_PORT acq_trigger_in[22] -to "atari800core:atari800|cpu:cpu6502|CPU_FETCH" -section_id auto_signaltap_0
set_instance_assignment -name CONNECT_TO_SLD_NODE_ENTITY_PORT acq_trigger_in[23] -to "atari800core:atari800|cpu:cpu6502|DI[0]" -section_id auto_signaltap_0
set_instance_assignment -name CONNECT_TO_SLD_NODE_ENTITY_PORT acq_trigger_in[24] -to "atari800core:atari800|cpu:cpu6502|DI[1]" -section_id auto_signaltap_0
set_instance_assignment -name CONNECT_TO_SLD_NODE_ENTITY_PORT acq_trigger_in[25] -to "atari800core:atari800|cpu:cpu6502|DI[2]" -section_id auto_signaltap_0
set_instance_assignment -name CONNECT_TO_SLD_NODE_ENTITY_PORT acq_trigger_in[26] -to "atari800core:atari800|cpu:cpu6502|DI[3]" -section_id auto_signaltap_0
set_instance_assignment -name CONNECT_TO_SLD_NODE_ENTITY_PORT acq_trigger_in[27] -to "atari800core:atari800|cpu:cpu6502|DI[4]" -section_id auto_signaltap_0
set_instance_assignment -name CONNECT_TO_SLD_NODE_ENTITY_PORT acq_trigger_in[28] -to "atari800core:atari800|cpu:cpu6502|DI[5]" -section_id auto_signaltap_0
set_instance_assignment -name CONNECT_TO_SLD_NODE_ENTITY_PORT acq_trigger_in[29] -to "atari800core:atari800|cpu:cpu6502|DI[6]" -section_id auto_signaltap_0
set_instance_assignment -name CONNECT_TO_SLD_NODE_ENTITY_PORT acq_trigger_in[30] -to "atari800core:atari800|cpu:cpu6502|DI[7]" -section_id auto_signaltap_0
set_instance_assignment -name CONNECT_TO_SLD_NODE_ENTITY_PORT acq_trigger_in[31] -to "atari800core:atari800|cpu:cpu6502|DO[0]" -section_id auto_signaltap_0
set_instance_assignment -name CONNECT_TO_SLD_NODE_ENTITY_PORT acq_trigger_in[32] -to "atari800core:atari800|cpu:cpu6502|DO[1]" -section_id auto_signaltap_0
set_instance_assignment -name CONNECT_TO_SLD_NODE_ENTITY_PORT acq_trigger_in[33] -to "atari800core:atari800|cpu:cpu6502|DO[2]" -section_id auto_signaltap_0
set_instance_assignment -name CONNECT_TO_SLD_NODE_ENTITY_PORT acq_trigger_in[34] -to "atari800core:atari800|cpu:cpu6502|DO[3]" -section_id auto_signaltap_0
set_instance_assignment -name CONNECT_TO_SLD_NODE_ENTITY_PORT acq_trigger_in[35] -to "atari800core:atari800|cpu:cpu6502|DO[4]" -section_id auto_signaltap_0
set_instance_assignment -name CONNECT_TO_SLD_NODE_ENTITY_PORT acq_trigger_in[36] -to "atari800core:atari800|cpu:cpu6502|DO[5]" -section_id auto_signaltap_0
set_instance_assignment -name CONNECT_TO_SLD_NODE_ENTITY_PORT acq_trigger_in[37] -to "atari800core:atari800|cpu:cpu6502|DO[6]" -section_id auto_signaltap_0
set_instance_assignment -name CONNECT_TO_SLD_NODE_ENTITY_PORT acq_trigger_in[38] -to "atari800core:atari800|cpu:cpu6502|DO[7]" -section_id auto_signaltap_0
set_instance_assignment -name CONNECT_TO_SLD_NODE_ENTITY_PORT acq_trigger_in[39] -to "atari800core:atari800|cpu:cpu6502|MEMORY_READY" -section_id auto_signaltap_0
set_instance_assignment -name CONNECT_TO_SLD_NODE_ENTITY_PORT acq_trigger_in[40] -to "atari800core:atari800|cpu:cpu6502|THROTTLE" -section_id auto_signaltap_0
set_instance_assignment -name CONNECT_TO_SLD_NODE_ENTITY_PORT acq_trigger_in[41] -to "fsmc_adaptor:fsmc_adapt1|CONTROL_REG[0]" -section_id auto_signaltap_0
set_instance_assignment -name CONNECT_TO_SLD_NODE_ENTITY_PORT acq_trigger_in[42] -to "fsmc_adaptor:fsmc_adapt1|CONTROL_REG[1]" -section_id auto_signaltap_0
set_instance_assignment -name CONNECT_TO_SLD_NODE_ENTITY_PORT acq_trigger_in[43] -to "fsmc_adaptor:fsmc_adapt1|CONTROL_REG[2]" -section_id auto_signaltap_0
set_instance_assignment -name CONNECT_TO_SLD_NODE_ENTITY_PORT acq_trigger_in[44] -to "fsmc_adaptor:fsmc_adapt1|CONTROL_REG[3]" -section_id auto_signaltap_0
set_instance_assignment -name CONNECT_TO_SLD_NODE_ENTITY_PORT acq_data_in[5] -to "atari800core:atari800|cpu:cpu6502|A[0]" -section_id auto_signaltap_0
set_instance_assignment -name CONNECT_TO_SLD_NODE_ENTITY_PORT acq_data_in[6] -to "atari800core:atari800|cpu:cpu6502|A[10]" -section_id auto_signaltap_0
set_instance_assignment -name CONNECT_TO_SLD_NODE_ENTITY_PORT acq_data_in[7] -to "atari800core:atari800|cpu:cpu6502|A[11]" -section_id auto_signaltap_0
set_instance_assignment -name CONNECT_TO_SLD_NODE_ENTITY_PORT acq_data_in[8] -to "atari800core:atari800|cpu:cpu6502|A[12]" -section_id auto_signaltap_0
set_instance_assignment -name CONNECT_TO_SLD_NODE_ENTITY_PORT acq_data_in[9] -to "atari800core:atari800|cpu:cpu6502|A[13]" -section_id auto_signaltap_0
set_instance_assignment -name CONNECT_TO_SLD_NODE_ENTITY_PORT acq_data_in[10] -to "atari800core:atari800|cpu:cpu6502|A[14]" -section_id auto_signaltap_0
set_instance_assignment -name CONNECT_TO_SLD_NODE_ENTITY_PORT acq_data_in[11] -to "atari800core:atari800|cpu:cpu6502|A[15]" -section_id auto_signaltap_0
set_instance_assignment -name CONNECT_TO_SLD_NODE_ENTITY_PORT acq_data_in[12] -to "atari800core:atari800|cpu:cpu6502|A[1]" -section_id auto_signaltap_0
set_instance_assignment -name CONNECT_TO_SLD_NODE_ENTITY_PORT acq_data_in[13] -to "atari800core:atari800|cpu:cpu6502|A[2]" -section_id auto_signaltap_0
set_instance_assignment -name CONNECT_TO_SLD_NODE_ENTITY_PORT acq_data_in[14] -to "atari800core:atari800|cpu:cpu6502|A[3]" -section_id auto_signaltap_0
set_instance_assignment -name CONNECT_TO_SLD_NODE_ENTITY_PORT acq_data_in[15] -to "atari800core:atari800|cpu:cpu6502|A[4]" -section_id auto_signaltap_0
set_instance_assignment -name CONNECT_TO_SLD_NODE_ENTITY_PORT acq_data_in[16] -to "atari800core:atari800|cpu:cpu6502|A[5]" -section_id auto_signaltap_0
set_instance_assignment -name CONNECT_TO_SLD_NODE_ENTITY_PORT acq_data_in[17] -to "atari800core:atari800|cpu:cpu6502|A[6]" -section_id auto_signaltap_0
set_instance_assignment -name CONNECT_TO_SLD_NODE_ENTITY_PORT acq_data_in[18] -to "atari800core:atari800|cpu:cpu6502|A[7]" -section_id auto_signaltap_0
set_instance_assignment -name CONNECT_TO_SLD_NODE_ENTITY_PORT acq_data_in[19] -to "atari800core:atari800|cpu:cpu6502|A[8]" -section_id auto_signaltap_0
set_instance_assignment -name CONNECT_TO_SLD_NODE_ENTITY_PORT acq_data_in[20] -to "atari800core:atari800|cpu:cpu6502|A[9]" -section_id auto_signaltap_0
set_instance_assignment -name CONNECT_TO_SLD_NODE_ENTITY_PORT acq_data_in[21] -to "atari800core:atari800|cpu:cpu6502|CPU_ENABLE" -section_id auto_signaltap_0
set_instance_assignment -name CONNECT_TO_SLD_NODE_ENTITY_PORT acq_data_in[22] -to "atari800core:atari800|cpu:cpu6502|CPU_FETCH" -section_id auto_signaltap_0
set_instance_assignment -name CONNECT_TO_SLD_NODE_ENTITY_PORT acq_data_in[23] -to "atari800core:atari800|cpu:cpu6502|DI[0]" -section_id auto_signaltap_0
set_instance_assignment -name CONNECT_TO_SLD_NODE_ENTITY_PORT acq_data_in[24] -to "atari800core:atari800|cpu:cpu6502|DI[1]" -section_id auto_signaltap_0
set_instance_assignment -name CONNECT_TO_SLD_NODE_ENTITY_PORT acq_data_in[25] -to "atari800core:atari800|cpu:cpu6502|DI[2]" -section_id auto_signaltap_0
set_instance_assignment -name CONNECT_TO_SLD_NODE_ENTITY_PORT acq_data_in[26] -to "atari800core:atari800|cpu:cpu6502|DI[3]" -section_id auto_signaltap_0
set_instance_assignment -name CONNECT_TO_SLD_NODE_ENTITY_PORT acq_data_in[27] -to "atari800core:atari800|cpu:cpu6502|DI[4]" -section_id auto_signaltap_0
set_instance_assignment -name CONNECT_TO_SLD_NODE_ENTITY_PORT acq_data_in[28] -to "atari800core:atari800|cpu:cpu6502|DI[5]" -section_id auto_signaltap_0
set_instance_assignment -name CONNECT_TO_SLD_NODE_ENTITY_PORT acq_data_in[29] -to "atari800core:atari800|cpu:cpu6502|DI[6]" -section_id auto_signaltap_0
set_instance_assignment -name CONNECT_TO_SLD_NODE_ENTITY_PORT acq_data_in[30] -to "atari800core:atari800|cpu:cpu6502|DI[7]" -section_id auto_signaltap_0
set_instance_assignment -name CONNECT_TO_SLD_NODE_ENTITY_PORT acq_data_in[31] -to "atari800core:atari800|cpu:cpu6502|DO[0]" -section_id auto_signaltap_0
set_instance_assignment -name CONNECT_TO_SLD_NODE_ENTITY_PORT acq_data_in[32] -to "atari800core:atari800|cpu:cpu6502|DO[1]" -section_id auto_signaltap_0
set_instance_assignment -name CONNECT_TO_SLD_NODE_ENTITY_PORT acq_data_in[33] -to "atari800core:atari800|cpu:cpu6502|DO[2]" -section_id auto_signaltap_0
set_instance_assignment -name CONNECT_TO_SLD_NODE_ENTITY_PORT acq_data_in[34] -to "atari800core:atari800|cpu:cpu6502|DO[3]" -section_id auto_signaltap_0
set_instance_assignment -name CONNECT_TO_SLD_NODE_ENTITY_PORT acq_data_in[35] -to "atari800core:atari800|cpu:cpu6502|DO[4]" -section_id auto_signaltap_0
set_instance_assignment -name CONNECT_TO_SLD_NODE_ENTITY_PORT acq_data_in[36] -to "atari800core:atari800|cpu:cpu6502|DO[5]" -section_id auto_signaltap_0
set_instance_assignment -name CONNECT_TO_SLD_NODE_ENTITY_PORT acq_data_in[37] -to "atari800core:atari800|cpu:cpu6502|DO[6]" -section_id auto_signaltap_0
set_instance_assignment -name CONNECT_TO_SLD_NODE_ENTITY_PORT acq_data_in[38] -to "atari800core:atari800|cpu:cpu6502|DO[7]" -section_id auto_signaltap_0
set_instance_assignment -name CONNECT_TO_SLD_NODE_ENTITY_PORT acq_data_in[39] -to "atari800core:atari800|cpu:cpu6502|MEMORY_READY" -section_id auto_signaltap_0
set_instance_assignment -name CONNECT_TO_SLD_NODE_ENTITY_PORT acq_data_in[40] -to "atari800core:atari800|cpu:cpu6502|THROTTLE" -section_id auto_signaltap_0
set_instance_assignment -name CONNECT_TO_SLD_NODE_ENTITY_PORT acq_data_in[41] -to "fsmc_adaptor:fsmc_adapt1|CONTROL_REG[0]" -section_id auto_signaltap_0
set_instance_assignment -name CONNECT_TO_SLD_NODE_ENTITY_PORT acq_data_in[42] -to "fsmc_adaptor:fsmc_adapt1|CONTROL_REG[1]" -section_id auto_signaltap_0
set_instance_assignment -name CONNECT_TO_SLD_NODE_ENTITY_PORT acq_data_in[43] -to "fsmc_adaptor:fsmc_adapt1|CONTROL_REG[2]" -section_id auto_signaltap_0
set_instance_assignment -name CONNECT_TO_SLD_NODE_ENTITY_PORT acq_data_in[44] -to "fsmc_adaptor:fsmc_adapt1|CONTROL_REG[3]" -section_id auto_signaltap_0
set_global_assignment -name SLD_NODE_PARAMETER_ASSIGNMENT "SLD_DATA_BITS=45" -section_id auto_signaltap_0
set_global_assignment -name SLD_NODE_PARAMETER_ASSIGNMENT "SLD_TRIGGER_BITS=45" -section_id auto_signaltap_0
set_global_assignment -name SLD_NODE_PARAMETER_ASSIGNMENT "SLD_STORAGE_QUALIFIER_BITS=45" -section_id auto_signaltap_0
set_global_assignment -name SLD_NODE_PARAMETER_ASSIGNMENT "SLD_INVERSION_MASK=000000000000000000000000000000000000000000000000000000000000000000000000000000000000000000000000000000000000000000000000000000000000000000000000000000000000000" -section_id auto_signaltap_0
set_global_assignment -name SLD_NODE_PARAMETER_ASSIGNMENT "SLD_INVERSION_MASK_LENGTH=159" -section_id auto_signaltap_0
set_instance_assignment -name POST_FIT_CONNECT_TO_SLD_NODE_ENTITY_PORT crc[8] -to auto_signaltap_0|vcc -section_id auto_signaltap_0
set_instance_assignment -name POST_FIT_CONNECT_TO_SLD_NODE_ENTITY_PORT crc[15] -to auto_signaltap_0|gnd -section_id auto_signaltap_0
set_instance_assignment -name POST_FIT_CONNECT_TO_SLD_NODE_ENTITY_PORT crc[26] -to auto_signaltap_0|gnd -section_id auto_signaltap_0
set_global_assignment -name SLD_FILE db/video_auto_stripped.stp
set_instance_assignment -name PARTITION_HIERARCHY root_partition -to | -section_id Top